{
  "nodes": {
    "nixinate": {
      "inputs": {
        "nixpkgs": [
          "nixpkgs_stable"
        ]
      },
      "locked": {
        "lastModified": 1744168104,
        "narHash": "sha256-7YRZbFunygUZUzhjIQ0zePHHFLYJu38kdDnZPl76vbM=",
        "owner": "pinktrink",
        "repo": "nixinate",
        "rev": "24e0f7b08801ecd9bcf4ca789fe1e19ee4171af6",
        "type": "github"
      },
      "original": {
        "owner": "pinktrink",
        "repo": "nixinate",
        "type": "github"
      }
    },
    "nixos-hardware": {
      "locked": {
        "lastModified": 1755330281,
        "narHash": "sha256-aJHFJWP9AuI8jUGzI77LYcSlkA9wJnOIg4ZqftwNGXA=",
        "owner": "nixos",
        "repo": "nixos-hardware",
        "rev": "3dac8a872557e0ca8c083cdcfc2f218d18e113b0",
        "type": "github"
      },
      "original": {
        "owner": "nixos",
        "repo": "nixos-hardware",
        "type": "github"
      }
    },
    "nixpkgs": {
      "locked": {
        "lastModified": 1749857119,
        "narHash": "sha256-tG5xUn3hFaPpAHYIvr2F88b+ovcIO5k1HqajFy7ZFPM=",
        "owner": "NixOS",
        "repo": "nixpkgs",
        "rev": "5f4f306bea96741f1588ea4f450b2a2e29f42b98",
        "type": "github"
      },
      "original": {
        "owner": "NixOS",
        "ref": "nixos-25.05",
        "repo": "nixpkgs",
        "type": "github"
      }
    },
    "nixpkgs_2": {
      "locked": {
        "lastModified": 1694959747,
        "narHash": "sha256-CXQ2MuledDVlVM5dLC4pB41cFlBWxRw4tCBsFrq3cRk=",
        "owner": "NixOS",
        "repo": "nixpkgs",
        "rev": "970a59bd19eff3752ce552935687100c46e820a5",
        "type": "github"
      },
      "original": {
        "owner": "NixOS",
        "ref": "nixos-unstable",
        "repo": "nixpkgs",
        "type": "github"
      }
    },
    "nixpkgs_stable": {
      "locked": {
        "lastModified": 1750330365,
        "narHash": "sha256-hJ7XMNVsTnnbV2NPmStCC07gvv5l2x7+Skb7hyUzazg=",
        "owner": "nixos",
        "repo": "nixpkgs",
        "rev": "d883b6213afa179b58ba8bace834f1419707d0ad",
        "type": "github"
      },
      "original": {
        "owner": "nixos",
        "ref": "nixos-24.11",
        "repo": "nixpkgs",
        "type": "github"
      }
    },
    "nixpkgs_unstable": {
      "locked": {
        "lastModified": 1755471983,
        "narHash": "sha256-axUoWcm4cNQ36jOlnkD9D40LTfSQgk8ExfHSRm3rTtg=",
        "owner": "nixos",
        "repo": "nixpkgs",
        "rev": "48f4c982de68d966421d2b6f1ddbeb6227cc5ceb",
        "type": "github"
      },
      "original": {
        "owner": "nixos",
        "ref": "nixos-25.05",
        "repo": "nixpkgs",
        "type": "github"
      }
    },
    "parsecDeb": {
      "flake": false,
      "locked": {
        "narHash": "sha256-+sNEGgb2wARM8JDf3Gdzk+N/IFNERlEQJFROGQGP8XE=",
        "type": "file",
        "url": "https://builds.parsecgaming.com/package/parsec-linux.deb"
      },
      "original": {
        "type": "file",
        "url": "https://builds.parsecgaming.com/package/parsec-linux.deb"
      }
    },
    "parsecMeta": {
      "flake": false,
      "locked": {
        "narHash": "sha256-lP2Mc0/gVWM6X/79/xB0ncMj5vXUjtk+QTVC/z9/MaQ=",
        "type": "file",
        "url": "https://builds.parsecgaming.com/channel/release/appdata/linux/latest"
      },
      "original": {
        "type": "file",
        "url": "https://builds.parsecgaming.com/channel/release/appdata/linux/latest"
      }
    },
    "parsecgaming": {
      "inputs": {
        "nixpkgs": "nixpkgs",
        "parsecDeb": "parsecDeb",
        "parsecMeta": "parsecMeta"
      },
      "locked": {
        "lastModified": 1750191832,
        "narHash": "sha256-rQ6BHygvbY87USdXwz7sNmdWvCAcuUvpWg1BlRhETWk=",
        "owner": "DarthPJB",
        "repo": "parsec-gaming-nix",
        "rev": "8641dd83d53a0eef585a9a69546d4dc2f3284018",
        "type": "github"
      },
      "original": {
        "owner": "DarthPJB",
        "repo": "parsec-gaming-nix",
        "type": "github"
      }
    },
    "root": {
      "inputs": {
        "nixinate": "nixinate",
        "nixos-hardware": "nixos-hardware",
        "nixpkgs_stable": "nixpkgs_stable",
        "nixpkgs_unstable": "nixpkgs_unstable",
        "parsecgaming": "parsecgaming",
        "secrix": "secrix"
      }
    },
    "secrix": {
      "inputs": {
        "nixpkgs": "nixpkgs_2"
      },
      "locked": {
        "lastModified": 1727012350,
        "narHash": "sha256-sP4LXXvp9b6hYf/tQMxI+gURf1uXhqb6oytXCFRkw3A=",
        "owner": "Platonic-Systems",
        "repo": "secrix",
        "rev": "0726d0382d679f983f97ede9da8aaf426e2b5003",
        "type": "github"
      },
      "original": {
        "owner": "Platonic-Systems",
        "repo": "secrix",
        "type": "github"
      }
    }
  },
  "root": "root",
  "version": 7
}
